
Microsoft Visual Studio Solution File, Format Version 12.00
# Visual Studio Version 17
VisualStudioVersion = 17.0.32126.317
MinimumVisualStudioVersion = 10.0.40219.1
Project("{FAE04EC0-301F-11D3-BF4B-00C04F79EFBC}") = "ExcelExport", "ExcelExport\ExcelExport.csproj", "{868C0B98-C928-457F-A776-86EC9ABAFF34}"
EndProject
Global
	GlobalSection(SolutionConfigurationPlatforms) = preSolution
		Debug|Any CPU = Debug|Any CPU
		Release|Any CPU = Release|Any CPU
	EndGlobalSection
	GlobalSection(ProjectConfigurationPlatforms) = postSolution
		{868C0B98-C928-457F-A776-86EC9ABAFF34}.Debug|Any CPU.ActiveCfg = Debug|Any CPU
		{868C0B98-C928-457F-A776-86EC9ABAFF34}.Debug|Any CPU.Build.0 = Debug|Any CPU
		{868C0B98-C928-457F-A776-86EC9ABAFF34}.Release|Any CPU.ActiveCfg = Release|Any CPU
		{868C0B98-C928-457F-A776-86EC9ABAFF34}.Release|Any CPU.Build.0 = Release|Any CPU
	EndGlobalSection
	GlobalSection(SolutionProperties) = preSolution
		HideSolutionNode = FALSE
	EndGlobalSection
	GlobalSection(ExtensibilityGlobals) = postSolution
		SolutionGuid = {7715CDA5-D667-4CCB-B6EB-B01EBDA6FA70}
	EndGlobalSection
EndGlobal
